[[package]]
name = "asgiref"
version = "3.5.0"
description = "ASGI specs, helper code, and adapters"
category = "main"
optional = false
python-versions = ">=3.7"

[package.extras]
tests = ["pytest", "pytest-asyncio", "mypy (>=0.800)"]

[[package]]
name = "django"
version = "4.0.2"
description = "A high-level Python web framework that encourages rapid development and clean, pragmatic design."
category = "main"
optional = false
python-versions = ">=3.8"

[package.dependencies]
asgiref = ">=3.4.1,<4"
sqlparse = ">=0.2.2"
tzdata = {version = "*", markers = "sys_platform == \"win32\""}

[package.extras]
argon2 = ["argon2-cffi (>=19.1.0)"]
bcrypt = ["bcrypt"]

[[package]]
name = "django-sslserver"
version = "0.22"
description = "An SSL-enabled development server for Django"
category = "main"
optional = false
python-versions = "*"

[package.dependencies]
Django = ">=1.8"

[[package]]
name = "isodate"
version = "0.6.1"
description = "An ISO 8601 date/time/duration parser and formatter"
category = "main"
optional = false
python-versions = "*"

[package.dependencies]
six = "*"

[[package]]
name = "lxml"
version = "4.7.0"
description = "Powerful and Pythonic XML processing library combining libxml2/libxslt with the ElementTree API."
category = "main"
optional = false
python-versions = ">=2.7, !=3.0.*, !=3.1.*, !=3.2.*, !=3.3.*, != 3.4.*"

[package.extras]
cssselect = ["cssselect (>=0.7)"]
html5 = ["html5lib"]
htmlsoup = ["beautifulsoup4"]
source = ["Cython (>=0.29.7)"]

[[package]]
name = "python-dotenv"
version = "0.19.2"
description = "Read key-value pairs from a .env file and set them as environment variables"
category = "main"
optional = false
python-versions = ">=3.5"

[package.extras]
cli = ["click (>=5.0)"]

[[package]]
name = "python3-saml"
version = "1.13.0"
description = "Onelogin Python Toolkit. Add SAML support to your Python software using this library"
category = "main"
optional = false
python-versions = "*"

[package.dependencies]
isodate = ">=0.6.1"
lxml = "4.7.0"
xmlsec = ">=1.3.9"

[package.extras]
test = ["coverage (>=4.5.2)", "coveralls (>=1.11.1)", "flake8 (>=3.6.0)", "freezegun (>=0.3.11,<=1.1.0)", "pylint (==1.9.4)", "pytest (>=4.6)"]

[[package]]
name = "six"
version = "1.16.0"
description = "Python 2 and 3 compatibility utilities"
category = "main"
optional = false
python-versions = ">=2.7, !=3.0.*, !=3.1.*, !=3.2.*"

[[package]]
name = "sqlparse"
version = "0.4.2"
description = "A non-validating SQL parser."
category = "main"
optional = false
python-versions = ">=3.5"

[[package]]
name = "tzdata"
version = "2021.5"
description = "Provider of IANA time zone data"
category = "main"
optional = false
python-versions = ">=2"

[[package]]
name = "xmlsec"
version = "1.3.12"
description = "Python bindings for the XML Security Library"
category = "main"
optional = false
python-versions = ">=3.5"

[package.dependencies]
lxml = ">=3.8"

[metadata]
lock-version = "1.1"
python-versions = "3.9.10"
content-hash = "2da1348d02d9244c130789d73cd3cda7b8e12325a5a0718d28756d5e520fa2b1"

[metadata.files]
asgiref = [
    {file = "asgiref-3.5.0-py3-none-any.whl", hash = "sha256:88d59c13d634dcffe0510be048210188edd79aeccb6a6c9028cdad6f31d730a9"},
    {file = "asgiref-3.5.0.tar.gz", hash = "sha256:2f8abc20f7248433085eda803936d98992f1343ddb022065779f37c5da0181d0"},
]
django = [
    {file = "Django-4.0.2-py3-none-any.whl", hash = "sha256:996495c58bff749232426c88726d8cd38d24c94d7c1d80835aafffa9bc52985a"},
    {file = "Django-4.0.2.tar.gz", hash = "sha256:110fb58fb12eca59e072ad59fc42d771cd642dd7a2f2416582aa9da7a8ef954a"},
]
django-sslserver = [
    {file = "django_sslserver-0.22-py3-none-any.whl", hash = "sha256:c598a363d2ccdc2421c08ddb3d8b0973f80e8e47a3a5b74e4a2896f21c2947c5"},
]
isodate = [
    {file = "isodate-0.6.1-py2.py3-none-any.whl", hash = "sha256:0751eece944162659049d35f4f549ed815792b38793f07cf73381c1c87cbed96"},
    {file = "isodate-0.6.1.tar.gz", hash = "sha256:48c5881de7e8b0a0d648cb024c8062dc84e7b840ed81e864c7614fd3c127bde9"},
]
lxml = [
    {file = "lxml-4.7.0-cp27-cp27m-macosx_10_14_x86_64.whl", hash = "sha256:fd2d46aa9f379553ff30fd915f039c0296837e99b91e75e77f36a0819331a724"},
    {file = "lxml-4.7.0-cp27-cp27m-manylinux_2_5_i686.manylinux1_i686.whl", hash = "sha256:b584fa08ff85e441c70ea8310e274eda0b6fb522a86679d07839737629c0b891"},
    {file = "lxml-4.7.0-cp27-cp27m-manylinux_2_5_x86_64.manylinux1_x86_64.whl", hash = "sha256:ea4afc8ce0cb23eb25510518ea1d8152863f5349324c7c7b6117e1a26aa6596b"},
    {file = "lxml-4.7.0-cp27-cp27m-win32.whl", hash = "sha256:439523c34ef398d84a5b05e5c565ef0b78ebf8dc1b44c07f93bde9f2294a49af"},
    {file = "lxml-4.7.0-cp27-cp27m-win_amd64.whl", hash = "sha256:0047e8a29a790c2b68b9c7779f00809aef10f5da1c4f40bcf517dffd270ad1c4"},
    {file = "lxml-4.7.0-cp27-cp27mu-manylinux_2_5_i686.manylinux1_i686.whl", hash = "sha256:36e5b430a09be6eeb05c37c3c3af6c328da4ce4cca34720b0994e44c13c777f8"},
    {file = "lxml-4.7.0-cp27-cp27mu-manylinux_2_5_x86_64.manylinux1_x86_64.whl", hash = "sha256:19f612e977fc427b4bf7481deac95e7137dc11b69db83270095fdf2c381282a2"},
    {file = "lxml-4.7.0-cp310-cp310-macosx_10_14_x86_64.whl", hash = "sha256:97b01bf5c633caf764270e1e9607c926c28a2e368fe4619031e03bfc7c2688c1"},
    {file = "lxml-4.7.0-cp310-cp310-manylinux_2_12_i686.manylinux2010_i686.manylinux_2_24_i686.whl", hash = "sha256:7e8df94e0676cc16fbbc35d34fef37a9767fe0b422b5897c116a46be29092790"},
    {file = "lxml-4.7.0-cp310-cp310-manylinux_2_17_aarch64.manylinux2014_aarch64.manylinux_2_24_aarch64.whl", hash = "sha256:c5ce51bd0d0a14f4030142e39e8a223c3bda349a9b50e4e7315c661a2a50ceef"},
    {file = "lxml-4.7.0-cp310-cp310-manylinux_2_17_x86_64.manylinux2014_x86_64.manylinux_2_24_x86_64.whl", hash = "sha256:4d4e2396904c140684017789f961093153898cf9c4debde3ebb15e022c6c04dd"},
    {file = "lxml-4.7.0-cp310-cp310-musllinux_1_1_x86_64.whl", hash = "sha256:2ce2941c21d4144bbcd8c182d89e09b15f36805533977f363122bed282fb1879"},
    {file = "lxml-4.7.0-cp310-cp310-win32.whl", hash = "sha256:e583c48dc85495d1055a9955e525d91ea27bb893e871702366e5f2d689ed2438"},
    {file = "lxml-4.7.0-cp310-cp310-win_amd64.whl", hash = "sha256:4bbefbcedb29c7da21919c4768415be87d07d5715d571f190829fa39b76952bf"},
    {file = "lxml-4.7.0-cp35-cp35m-manylinux_2_5_i686.manylinux1_i686.whl", hash = "sha256:fb18f094a76443fef65ef88e97ea92f2642632651a29757c7df8aaafd84e5ffc"},
    {file = "lxml-4.7.0-cp35-cp35m-manylinux_2_5_x86_64.manylinux1_x86_64.whl", hash = "sha256:4bb5ce9a38e19817236313bfe5ee3bb016a18c295b5d7f4215401e79dacdace4"},
    {file = "lxml-4.7.0-cp35-cp35m-win32.whl", hash = "sha256:44d54f07001499a86c5a73129b18368d8a32370616396a500752f0a1dae8a158"},
    {file = "lxml-4.7.0-cp35-cp35m-win_amd64.whl", hash = "sha256:5f537b95d8319d398625776318c7597249d268d450329bff4bb520f1a2a72306"},
    {file = "lxml-4.7.0-cp36-cp36m-macosx_10_14_x86_64.whl", hash = "sha256:9f459c3754c24c85d82072e14ace8db6d819e07ba2895505d7a5ea248c6763ec"},
    {file = "lxml-4.7.0-cp36-cp36m-manylinux_2_12_i686.manylinux2010_i686.manylinux_2_24_i686.whl", hash = "sha256:371ce1402b6793ef30e3d6cf2c9908869bc397e950de18d0a6ab74ce1b62ed65"},
    {file = "lxml-4.7.0-cp36-cp36m-manylinux_2_17_x86_64.manylinux2014_x86_64.manylinux_2_24_x86_64.whl", hash = "sha256:c6b3c38e58c1b9ea6045b16dc4cafe7bd2228ab8830d9ad52612748719525987"},
    {file = "lxml-4.7.0-cp36-cp36m-manylinux_2_5_i686.manylinux1_i686.whl", hash = "sha256:c0325c86e36f9d910c934d401e250d62bbe5e8c5c808241fc85795c8ba396d54"},
    {file = "lxml-4.7.0-cp36-cp36m-manylinux_2_5_x86_64.manylinux1_x86_64.whl", hash = "sha256:1ba471105c13d83cda86901803887edff52b844ca2eb7e9fe2c7380eebce2bcb"},
    {file = "lxml-4.7.0-cp36-cp36m-musllinux_1_1_x86_64.whl", hash = "sha256:a11fd3b9d9b4a351acc9a5b532b652d1d8fc047cd873b7c3f44cf6366fab7feb"},
    {file = "lxml-4.7.0-cp36-cp36m-win32.whl", hash = "sha256:cf86e0fe5b4bd42f4d4c5ac3aea05fcbfbd887f2819e3d4449c586ac81b8258b"},
    {file = "lxml-4.7.0-cp36-cp36m-win_amd64.whl", hash = "sha256:aed1bb00c9d0ac06219c3c048783b6e26d21879f702ce8ddf6de8389a978f587"},
    {file = "lxml-4.7.0-cp37-cp37m-macosx_10_14_x86_64.whl", hash = "sha256:7724404e1d6b753ffaed977130672ecda5a7556d5c2037177fa3571caa559162"},
    {file = "lxml-4.7.0-cp37-cp37m-manylinux_2_12_i686.manylinux2010_i686.manylinux_2_24_i686.whl", hash = "sha256:777375057259858ec1b937a229cc3498d2995bb04a2d2c424bbfee35264d7a9b"},
    {file = "lxml-4.7.0-cp37-cp37m-manylinux_2_17_aarch64.manylinux2014_aarch64.manylinux_2_24_aarch64.whl", hash = "sha256:57e2dbf5730fde9211e32229748ce6f9a0685f1a3dcba76c71cc6e3133a0d61e"},
    {file = "lxml-4.7.0-cp37-cp37m-manylinux_2_17_x86_64.manylinux2014_x86_64.manylinux_2_24_x86_64.whl", hash = "sha256:2587638cd870e653708950752562c7636303c76571d34568a98367eee1e92b63"},
    {file = "lxml-4.7.0-cp37-cp37m-manylinux_2_5_i686.manylinux1_i686.whl", hash = "sha256:7a549d044e0d93feff8b9422063c2f4a4b3841cf8c61b5442d6745f82c3c2bcc"},
    {file = "lxml-4.7.0-cp37-cp37m-manylinux_2_5_x86_64.manylinux1_x86_64.whl", hash = "sha256:d34f99446b769a7adab3e9589dbc92465b565d8409795d2b63323489229564c7"},
    {file = "lxml-4.7.0-cp37-cp37m-musllinux_1_1_x86_64.whl", hash = "sha256:81a14f9819b2edea3da441c0deff8d41410fd4ba16ed57ab59171b9745c7571e"},
    {file = "lxml-4.7.0-cp37-cp37m-win32.whl", hash = "sha256:c71b82c6fd4bbfffeb8f15efd966fe1afcf680711c5939277644ab1462970f9c"},
    {file = "lxml-4.7.0-cp37-cp37m-win_amd64.whl", hash = "sha256:021c9a72d3ff5f6180cf2d427e88a688bb21ccb68cedf5cd11669cd22dc38ce4"},
    {file = "lxml-4.7.0-cp38-cp38-macosx_10_14_x86_64.whl", hash = "sha256:81f42f00061e7a7c19502ecfde7b6838a7ab971631b803eccfa05314fdeff406"},
    {file = "lxml-4.7.0-cp38-cp38-manylinux_2_12_i686.manylinux2010_i686.manylinux_2_24_i686.whl", hash = "sha256:27898b2f73bc1766365ca675324ed17f1846c779077b97e7f91fcb6042ec5ae6"},
    {file = "lxml-4.7.0-cp38-cp38-manylinux_2_17_aarch64.manylinux2014_aarch64.manylinux_2_24_aarch64.whl", hash = "sha256:7456b8abc591e4ab3050d3c93e87f3fb9381b8e28b66238927bab6ed998e71d6"},
    {file = "lxml-4.7.0-cp38-cp38-manylinux_2_17_x86_64.manylinux2014_x86_64.manylinux_2_24_x86_64.whl", hash = "sha256:47f45efe78cb54bfab510309ee13c42c02ce1c3fa57cd12aecd14eba5c85ea3b"},
    {file = "lxml-4.7.0-cp38-cp38-manylinux_2_5_i686.manylinux1_i686.whl", hash = "sha256:f5a58b91f1125b17d52a4a1f2dd3da8cf5b38f905cb6def93c9bac9002aaefc1"},
    {file = "lxml-4.7.0-cp38-cp38-manylinux_2_5_x86_64.manylinux1_x86_64.whl", hash = "sha256:ba9f260d3a7ca44f8730ed861bbbf68d6c1fa0c55c7633c9f8cf98282c06dea7"},
    {file = "lxml-4.7.0-cp38-cp38-musllinux_1_1_x86_64.whl", hash = "sha256:f79ca2c0cf88b6547b11c2c3225f1b56ef356cd58cd634e5b70afef2bdf939d7"},
    {file = "lxml-4.7.0-cp38-cp38-win32.whl", hash = "sha256:7f6cd37bf8de4ea2bd462aa9faadd1b45a36bb168819e88174dfd15d091eae81"},
    {file = "lxml-4.7.0-cp38-cp38-win_amd64.whl", hash = "sha256:6c9e7bf6af3a9aede4c8c0085d2148864356f86df70c0fd06c7c267e9df0b1f1"},
    {file = "lxml-4.7.0-cp39-cp39-macosx_10_14_x86_64.whl", hash = "sha256:346a5e0cb80eeb521bac45a1275bf6a4aebcb82661798c12f8484d59394997e5"},
    {file = "lxml-4.7.0-cp39-cp39-manylinux_2_12_i686.manylinux2010_i686.manylinux_2_24_i686.whl", hash = "sha256:0149f08c30e210d2e2dad6bc67792ed051492d2ff72a5a24778a782c2d0c6656"},
    {file = "lxml-4.7.0-cp39-cp39-manylinux_2_17_aarch64.manylinux2014_aarch64.manylinux_2_24_aarch64.whl", hash = "sha256:40bfc495e26565776f938103900b22ed658f1d2a155b4556ac3628f8eb0ddfb7"},
    {file = "lxml-4.7.0-cp39-cp39-manylinux_2_17_x86_64.manylinux2014_x86_64.manylinux_2_24_x86_64.whl", hash = "sha256:6faf1afdf5a980dceac217305b0088685756eaae964b1958d0d54ba3ae121c84"},
    {file = "lxml-4.7.0-cp39-cp39-manylinux_2_5_i686.manylinux1_i686.whl", hash = "sha256:dfbbdd8684fbf155febdea2c3a68380f38c099aba75eec638f94f9601708ce19"},
    {file = "lxml-4.7.0-cp39-cp39-manylinux_2_5_x86_64.manylinux1_x86_64.whl", hash = "sha256:7018c2bbd5f5b7649a63a856e57f9d5e15bec09db9284c08a118d8a5770db3f3"},
    {file = "lxml-4.7.0-cp39-cp39-musllinux_1_1_x86_64.whl", hash = "sha256:f8ca5d8fc76410e20ef0cf61d6d708f8bbc9c6b280124ca923709fdb26db9ed7"},
    {file = "lxml-4.7.0-cp39-cp39-win32.whl", hash = "sha256:4da3ebc23da068d32ed777706d3202862d669e6b86af136453d9142ccf579422"},
    {file = "lxml-4.7.0-cp39-cp39-win_amd64.whl", hash = "sha256:eb43de3bab1d97d9e3ec5a80e574ee9882430c15bde83be38c70031a56899f20"},
    {file = "lxml-4.7.0-pp37-pypy37_pp73-macosx_10_14_x86_64.whl", hash = "sha256:1561b518e7236bb7be47fa1694944113c852f336358f0e74128e3cb524edd887"},
    {file = "lxml-4.7.0-pp37-pypy37_pp73-manylinux_2_12_i686.manylinux2010_i686.manylinux_2_24_i686.whl", hash = "sha256:4c6b33d698afcf0fd96db1eb1e41a5faadb75bb4b42c839bf0e7b327d410cfbd"},
    {file = "lxml-4.7.0-pp37-pypy37_pp73-manylinux_2_17_x86_64.manylinux2014_x86_64.manylinux_2_24_x86_64.whl", hash = "sha256:da583328a576434e1f827d72e3435a3c6fcaf52902d8db207b93915e2816a144"},
    {file = "lxml-4.7.0-pp38-pypy38_pp73-macosx_10_14_x86_64.whl", hash = "sha256:8db20b9b4ea7669d6d35c96427c686b1de6e3f614bf4371121b05df4fb10d4de"},
    {file = "lxml-4.7.0-pp38-pypy38_pp73-manylinux_2_12_i686.manylinux2010_i686.manylinux_2_24_i686.whl", hash = "sha256:de4f955b867d4b4dc4141be264c9e1d54d647a0cbf261bdfde14a730758588f4"},
    {file = "lxml-4.7.0-pp38-pypy38_pp73-manylinux_2_17_x86_64.manylinux2014_x86_64.manylinux_2_24_x86_64.whl", hash = "sha256:799ca6d0b9f0bd5c365f7be6240fbfce24d7098021edc42b434dda39970308e3"},
    {file = "lxml-4.7.0.tar.gz", hash = "sha256:543fcbf500b95568d0944d28677fb9cd076d80876f90aa0cbba09040418924f8"},
]
python-dotenv = [
    {file = "python-dotenv-0.19.2.tar.gz", hash = "sha256:a5de49a31e953b45ff2d2fd434bbc2670e8db5273606c1e737cc6b93eff3655f"},
    {file = "python_dotenv-0.19.2-py2.py3-none-any.whl", hash = "sha256:32b2bdc1873fd3a3c346da1c6db83d0053c3c62f28f1f38516070c4c8971b1d3"},
]
python3-saml = [
    {file = "python3-saml-1.13.0.tar.gz", hash = "sha256:95b32b66dff4b482871020b56037afea96e2551cbc0e1761722fed0aa7f60703"},
    {file = "python3_saml-1.13.0-py2-none-any.whl", hash = "sha256:f56482deec88460e20e36432528b6cf385ec7b6f707febb183af2586c0f0adae"},
    {file = "python3_saml-1.13.0-py3-none-any.whl", hash = "sha256:918d0b777ebd3cfccdfaa9351a671247c91da6800980d87d3a1121d7c435e389"},
]
six = [
    {file = "six-1.16.0-py2.py3-none-any.whl", hash = "sha256:8abb2f1d86890a2dfb989f9a77cfcfd3e47c2a354b01111771326f8aa26e0254"},
    {file = "six-1.16.0.tar.gz", hash = "sha256:1e61c37477a1626458e36f7b1d82aa5c9b094fa4802892072e49de9c60c4c926"},
]
sqlparse = [
    {file = "sqlparse-0.4.2-py3-none-any.whl", hash = "sha256:48719e356bb8b42991bdbb1e8b83223757b93789c00910a616a071910ca4a64d"},
    {file = "sqlparse-0.4.2.tar.gz", hash = "sha256:0c00730c74263a94e5a9919ade150dfc3b19c574389985446148402998287dae"},
]
tzdata = [
    {file = "tzdata-2021.5-py2.py3-none-any.whl", hash = "sha256:3eee491e22ebfe1e5cfcc97a4137cd70f092ce59144d81f8924a844de05ba8f5"},
    {file = "tzdata-2021.5.tar.gz", hash = "sha256:68dbe41afd01b867894bbdfd54fa03f468cfa4f0086bfb4adcd8de8f24f3ee21"},
]
xmlsec = [
    {file = "xmlsec-1.3.12-cp35-cp35m-win32.whl", hash = "sha256:d22da4d3dcc559fb2e54e782f39c9ddad5f8d5b356f86a79bbb80b0a45115c97"},
    {file = "xmlsec-1.3.12-cp35-cp35m-win_amd64.whl", hash = "sha256:9a2b8a780093b0fe8cecae53a81a8cd9edd50c08980d374c5317c91f065042d9"},
    {file = "xmlsec-1.3.12-cp36-cp36m-win32.whl", hash = "sha256:ce9c681adbc87b4f06c2b16725d9b2edbdbd508117dae4288b5faf78c1406038"},
    {file = "xmlsec-1.3.12-cp36-cp36m-win_amd64.whl", hash = "sha256:f5d242b1a19a36078608f5d7f4d561c5ca55cac8061a323a071c06275267dc19"},
    {file = "xmlsec-1.3.12-cp37-cp37m-win32.whl", hash = "sha256:135724cdce60e6bbd072fca6f09a21f72e2cecc59eebb4eed7740c316ecabc7b"},
    {file = "xmlsec-1.3.12-cp37-cp37m-win_amd64.whl", hash = "sha256:4e5f565de311afa33aaee4724566e685f951afe301212b6cf82f98cf9d8a1749"},
    {file = "xmlsec-1.3.12-cp38-cp38-win32.whl", hash = "sha256:1b4377f6d37ad714ba95a227ef40fb54ba1b22ef5170ce04c330fe45ee6ad184"},
    {file = "xmlsec-1.3.12-cp38-cp38-win_amd64.whl", hash = "sha256:db3e18ca883c01bbe28c9f5197c66f676c9772cf2d85f667e6122fc4d0702225"},
    {file = "xmlsec-1.3.12-cp39-cp39-win32.whl", hash = "sha256:f32e54065f0404ceff71388daa7fa7df10e1fb800051dfe302d63abb0acf0020"},
    {file = "xmlsec-1.3.12-cp39-cp39-win_amd64.whl", hash = "sha256:e4783f7814aa2a3e318385cce8ef87c82954b9a59535a48f67da4e2c21c08ce1"},
    {file = "xmlsec-1.3.12.tar.gz", hash = "sha256:2c86ac6ce570c9e04f04da0cd5e7d3db346e4b5b1d006311606368f17c756ef9"},
]
